// !$*UTF8*$!
{
	archiveVersion = 1;
	classes = {
	};
	objectVersion = 50;
	objects = {

/* Begin PBXBuildFile section */
		E46C6D77267125D400072FD3 /* AppDelegate.swift in Sources */ = {isa = PBXBuildFile; fileRef = E46C6D76267125D400072FD3 /* AppDelegate.swift */; };
		E46C6D79267125D400072FD3 /* SceneDelegate.swift in Sources */ = {isa = PBXBuildFile; fileRef = E46C6D78267125D400072FD3 /* SceneDelegate.swift */; };
		E46C6D7B267125D400072FD3 /* ViewController.swift in Sources */ = {isa = PBXBuildFile; fileRef = E46C6D7A267125D400072FD3 /* ViewController.swift */; };
		E46C6D7E267125D400072FD3 /* Main.storyboard in Resources */ = {isa = PBXBuildFile; fileRef = E46C6D7C267125D400072FD3 /* Main.storyboard */; };
		E46C6D80267125D700072FD3 /* Assets.xcassets in Resources */ = {isa = PBXBuildFile; fileRef = E46C6D7F267125D700072FD3 /* Assets.xcassets */; };
		E46C6D83267125D700072FD3 /* LaunchScreen.storyboard in Resources */ = {isa = PBXBuildFile; fileRef = E46C6D81267125D700072FD3 /* LaunchScreen.storyboard */; };
/* End PBXBuildFile section */

/* Begin PBXFileReference section */
		E46C6D73267125D400072FD3 /* CurrencyAPI.app */ = {isa = PBXFileReference; explicitFileType = wrapper.application; includeInIndex = 0; path = CurrencyAPI.app; sourceTree = BUILT_PRODUCTS_DIR; };
		E46C6D76267125D400072FD3 /* AppDelegate.swift */ = {isa = PBXFileReference; lastKnownFileType = sourcecode.swift; path = AppDelegate.swift; sourceTree = "<group>"; };
		E46C6D78267125D400072FD3 /* SceneDelegate.swift */ = {isa = PBXFileReference; lastKnownFileType = sourcecode.swift; path = SceneDelegate.swift; sourceTree = "<group>"; };
		E46C6D7A267125D400072FD3 /* ViewController.swift */ = {isa = PBXFileReference; lastKnownFileType = sourcecode.swift; path = ViewController.swift; sourceTree = "<group>"; };
		E46C6D7D267125D400072FD3 /* Base */ = {isa = PBXFileReference; lastKnownFileType = file.storyboard; name = Base; path = Base.lproj/Main.storyboard; sourceTree = "<group>"; };
		E46C6D7F267125D700072FD3 /* Assets.xcassets */ = {isa = PBXFileReference; lastKnownFileType = folder.assetcatalog; path = Assets.xcassets; sourceTree = "<group>"; };
		E46C6D82267125D700072FD3 /* Base */ = {isa = PBXFileReference; lastKnownFileType = file.storyboard; name = Base; path = Base.lproj/LaunchScreen.storyboard; sourceTree = "<group>"; };
		E46C6D84267125D700072FD3 /* Info.plist */ = {isa = PBXFileReference; lastKnownFileType = text.plist.xml; path = Info.plist; sourceTree = "<group>"; };
/* End PBXFileReference section */

/* Begin PBXFrameworksBuildPhase section */
		E46C6D70267125D400072FD3 /* Frameworks */ = {
			isa = PBXFrameworksBuildPhase;
			buildActionMask = 2147483647;
			files = (
			);
			runOnlyForDeploymentPostprocessing = 0;
		};
/* End PBXFrameworksBuildPhase section */

/* Begin PBXGroup section */
		E46C6D6A267125D400072FD3 = {
			isa = PBXGroup;
			children = (
				E46C6D75267125D400072FD3 /* CurrencyAPI */,
				E46C6D74267125D400072FD3 /* Products */,
			);
			sourceTree = "<group>";
		};
		E46C6D74267125D400072FD3 /* Products */ = {
			isa = PBXGroup;
			children = (
				E46C6D73267125D400072FD3 /* CurrencyAPI.app */,
			);
			name = Products;
			sourceTree = "<group>";
		};
		E46C6D75267125D400072FD3 /* CurrencyAPI */ = {
			isa = PBXGroup;
			children = (
				E46C6D8C267126A400072FD3 /* ViewModel */,
				E46C6D8B2671269900072FD3 /* View */,
				E46C6D8A2671269400072FD3 /* Model */,
				E46C6D7F267125D700072FD3 /* Assets.xcassets */,
				E46C6D81267125D700072FD3 /* LaunchScreen.storyboard */,
				E46C6D84267125D700072FD3 /* Info.plist */,
			);
			path = CurrencyAPI;
			sourceTree = "<group>";
		};
		E46C6D8A2671269400072FD3 /* Model */ = {
			isa = PBXGroup;
			children = (
			);
			path = Model;
			sourceTree = "<group>";
		};
		E46C6D8B2671269900072FD3 /* View */ = {
			isa = PBXGroup;
			children = (
				E46C6D76267125D400072FD3 /* AppDelegate.swift */,
				E46C6D78267125D400072FD3 /* SceneDelegate.swift */,
				E46C6D7A267125D400072FD3 /* ViewController.swift */,
				E46C6D7C267125D400072FD3 /* Main.storyboard */,
			);
			path = View;
			sourceTree = "<group>";
		};
		E46C6D8C267126A400072FD3 /* ViewModel */ = {
			isa = PBXGroup;
			children = (
			);
			path = ViewModel;
			sourceTree = "<group>";
		};
/* End PBXGroup section */

/* Begin PBXNativeTarget section */
		E46C6D72267125D400072FD3 /* CurrencyAPI */ = {
			isa = PBXNativeTarget;
			buildConfigurationList = E46C6D87267125D700072FD3 /* Build configuration list for PBXNativeTarget "CurrencyAPI" */;
			buildPhases = (
				E46C6D6F267125D400072FD3 /* Sources */,
				E46C6D70267125D400072FD3 /* Frameworks */,
				E46C6D71267125D400072FD3 /* Resources */,
			);
			buildRules = (
			);
			dependencies = (
			);
			name = CurrencyAPI;
			productName = CurrencyAPI;
			productReference = E46C6D73267125D400072FD3 /* CurrencyAPI.app */;
			productType = "com.apple.product-type.application";
		};
/* End PBXNativeTarget section */

/* Begin PBXProject section */
		E46C6D6B267125D400072FD3 /* Project object */ = {
			isa = PBXProject;
			attributes = {
				LastSwiftUpdateCheck = 1250;
				LastUpgradeCheck = 1250;
				TargetAttributes = {
					E46C6D72267125D400072FD3 = {
						CreatedOnToolsVersion = 12.5;
					};
				};
			};
			buildConfigurationList = E46C6D6E267125D400072FD3 /* Build configuration list for PBXProject "CurrencyAPI" */;
			compatibilityVersion = "Xcode 9.3";
			developmentRegion = en;
			hasScannedForEncodings = 0;
			knownRegions = (
				en,
				Base,
			);
			mainGroup = E46C6D6A267125D400072FD3;
			productRefGroup = E46C6D74267125D400072FD3 /* Products */;
			projectDirPath = "";
			projectRoot = "";
			targets = (
				E46C6D72267125D400072FD3 /* CurrencyAPI */,
			);
		};
/* End PBXProject section */

/* Begin PBXResourcesBuildPhase section */
		E46C6D71267125D400072FD3 /* Resources */ = {
			isa = PBXResourcesBuildPhase;
			buildActionMask = 2147483647;
			files = (
				E46C6D83267125D700072FD3 /* LaunchScreen.storyboard in Resources */,
				E46C6D80267125D700072FD3 /* Assets.xcassets in Resources */,
				E46C6D7E267125D400072FD3 /* Main.storyboard in Resources */,
			);
			runOnlyForDeploymentPostprocessing = 0;
		};
/* End PBXResourcesBuildPhase section */

/* Begin PBXSourcesBuildPhase section */
		E46C6D6F267125D400072FD3 /* Sources */ = {
			isa = PBXSourcesBuildPhase;
			buildActionMask = 2147483647;
			files = (
				E46C6D7B267125D400072FD3 /* ViewController.swift in Sources */,
				E46C6D77267125D400072FD3 /* AppDelegate.swift in Sources */,
				E46C6D79267125D400072FD3 /* SceneDelegate.swift in Sources */,
			);
			runOnlyForDeploymentPostprocessing = 0;
		};
/* End PBXSourcesBuildPhase section */

/* Begin PBXVariantGroup section */
		E46C6D7C267125D400072FD3 /* Main.storyboard */ = {
			isa = PBXVariantGroup;
			children = (
				E46C6D7D267125D400072FD3 /* Base */,
			);
			name = Main.storyboard;
			sourceTree = "<group>";
		};
		E46C6D81267125D700072FD3 /* LaunchScreen.storyboard */ = {
			isa = PBXVariantGroup;
			children = (
				E46C6D82267125D700072FD3 /* Base */,
			);
			name = LaunchScreen.storyboard;
			sourceTree = "<group>";
		};
/* End PBXVariantGroup section */

/* Begin XCBuildConfiguration section */
		E46C6D85267125D700072FD3 /* Debug */ = {
			isa = XCBuildConfiguration;
			buildSettings = {
				ALWAYS_SEARCH_USER_PATHS = NO;
				CLANG_ANALYZER_NONNULL = YES;
				CLANG_ANALYZER_NUMBER_OBJECT_CONVERSION = YES_AGGRESSIVE;
				CLANG_CXX_LANGUAGE_STANDARD = "gnu++14";
				CLANG_CXX_LIBRARY = "libc++";
				CLANG_ENABLE_MODULES = YES;
				CLANG_ENABLE_OBJC_ARC = YES;
				CLANG_ENABLE_OBJC_WEAK = YES;
				CLANG_WARN_BLOCK_CAPTURE_AUTORELEASING = YES;
				CLANG_WARN_BOOL_CONVERSION = YES;
				CLANG_WARN_COMMA = YES;
				CLANG_WARN_CONSTANT_CONVERSION = YES;
				CLANG_WARN_DEPRECATED_OBJC_IMPLEMENTATIONS = YES;
				CLANG_WARN_DIRECT_OBJC_ISA_USAGE = YES_ERROR;
				CLANG_WARN_DOCUMENTATION_COMMENTS = YES;
				CLANG_WARN_EMPTY_BODY = YES;
				CLANG_WARN_ENUM_CONVERSION = YES;
				CLANG_WARN_INFINITE_RECURSION = YES;
				CLANG_WARN_INT_CONVERSION = YES;
				CLANG_WARN_NON_LITERAL_NULL_CONVERSION = YES;
				CLANG_WARN_OBJC_IMPLICIT_RETAIN_SELF = YES;
				CLANG_WARN_OBJC_LITERAL_CONVERSION = YES;
				CLANG_WARN_OBJC_ROOT_CLASS = YES_ERROR;
				CLANG_WARN_QUOTED_INCLUDE_IN_FRAMEWORK_HEADER = YES;
				CLANG_WARN_RANGE_LOOP_ANALYSIS = YES;
				CLANG_WARN_STRICT_PROTOTYPES = YES;
				CLANG_WARN_SUSPICIOUS_MOVE = YES;
				CLANG_WARN_UNGUARDED_AVAILABILITY = YES_AGGRESSIVE;
				CLANG_WARN_UNREACHABLE_CODE = YES;
				CLANG_WARN__DUPLICATE_METHOD_MATCH = YES;
				COPY_PHASE_STRIP = NO;
				DEBUG_INFORMATION_FORMAT = dwarf;
				ENABLE_STRICT_OBJC_MSGSEND = YES;
				ENABLE_TESTABILITY = YES;
				GCC_C_LANGUAGE_STANDARD = gnu11;
				GCC_DYNAMIC_NO_PIC = NO;
				GCC_NO_COMMON_BLOCKS = YES;
				GCC_OPTIMIZATION_LEVEL = 0;
				GCC_PREPROCESSOR_DEFINITIONS = (
					"DEBUG=1",
					"$(inherited)",
				);
				GCC_WARN_64_TO_32_BIT_CONVERSION = YES;
				GCC_WARN_ABOUT_RETURN_TYPE = YES_ERROR;
				GCC_WARN_UNDECLARED_SELECTOR = YES;
				GCC_WARN_UNINITIALIZED_AUTOS = YES_AGGRESSIVE;
				GCC_WARN_UNUSED_FUNCTION = YES;
				GCC_WARN_UNUSED_VARIABLE = YES;
				IPHONEOS_DEPLOYMENT_TARGET = 14.5;
				MTL_ENABLE_DEBUG_INFO = INCLUDE_SOURCE;
				MTL_FAST_MATH = YES;
				ONLY_ACTIVE_ARCH = YES;
				SDKROOT = iphoneos;
				SWIFT_ACTIVE_COMPILATION_CONDITIONS = DEBUG;
				SWIFT_OPTIMIZATION_LEVEL = "-Onone";
			};
			name = Debug;
		};
		E46C6D86267125D700072FD3 /* Release */ = {
			isa = XCBuildConfiguration;
			buildSettings = {
				ALWAYS_SEARCH_USER_PATHS = NO;
				CLANG_ANALYZER_NONNULL = YES;
				CLANG_ANALYZER_NUMBER_OBJECT_CONVERSION = YES_AGGRESSIVE;
				CLANG_CXX_LANGUAGE_STANDARD = "gnu++14";
				CLANG_CXX_LIBRARY = "libc++";
				CLANG_ENABLE_MODULES = YES;
				CLANG_ENABLE_OBJC_ARC = YES;
				CLANG_ENABLE_OBJC_WEAK = YES;
				CLANG_WARN_BLOCK_CAPTURE_AUTORELEASING = YES;
				CLANG_WARN_BOOL_CONVERSION = YES;
				CLANG_WARN_COMMA = YES;
				CLANG_WARN_CONSTANT_CONVERSION = YES;
				CLANG_WARN_DEPRECATED_OBJC_IMPLEMENTATIONS = YES;
				CLANG_WARN_DIRECT_OBJC_ISA_USAGE = YES_ERROR;
				CLANG_WARN_DOCUMENTATION_COMMENTS = YES;
				CLANG_WARN_EMPTY_BODY = YES;
				CLANG_WARN_ENUM_CONVERSION = YES;
				CLANG_WARN_INFINITE_RECURSION = YES;
				CLANG_WARN_INT_CONVERSION = YES;
				CLANG_WARN_NON_LITERAL_NULL_CONVERSION = YES;
				CLANG_WARN_OBJC_IMPLICIT_RETAIN_SELF = YES;
				CLANG_WARN_OBJC_LITERAL_CONVERSION = YES;
				CLANG_WARN_OBJC_ROOT_CLASS = YES_ERROR;
				CLANG_WARN_QUOTED_INCLUDE_IN_FRAMEWORK_HEADER = YES;
				CLANG_WARN_RANGE_LOOP_ANALYSIS = YES;
				CLANG_WARN_STRICT_PROTOTYPES = YES;
				CLANG_WARN_SUSPICIOUS_MOVE = YES;
				CLANG_WARN_UNGUARDED_AVAILABILITY = YES_AGGRESSIVE;
				CLANG_WARN_UNREACHABLE_CODE = YES;
				CLANG_WARN__DUPLICATE_METHOD_MATCH = YES;
				COPY_PHASE_STRIP = NO;
				DEBUG_INFORMATION_FORMAT = "dwarf-with-dsym";
				ENABLE_NS_ASSERTIONS = NO;
				ENABLE_STRICT_OBJC_MSGSEND = YES;
				GCC_C_LANGUAGE_STANDARD = gnu11;
				GCC_NO_COMMON_BLOCKS = YES;
				GCC_WARN_64_TO_32_BIT_CONVERSION = YES;
				GCC_WARN_ABOUT_RETURN_TYPE = YES_ERROR;
				GCC_WARN_UNDECLARED_SELECTOR = YES;
				GCC_WARN_UNINITIALIZED_AUTOS = YES_AGGRESSIVE;
				GCC_WARN_UNUSED_FUNCTION = YES;
				GCC_WARN_UNUSED_VARIABLE = YES;
				IPHONEOS_DEPLOYMENT_TARGET = 14.5;
				MTL_ENABLE_DEBUG_INFO = NO;
				MTL_FAST_MATH = YES;
				SDKROOT = iphoneos;
				SWIFT_COMPILATION_MODE = wholemodule;
				SWIFT_OPTIMIZATION_LEVEL = "-O";
				VALIDATE_PRODUCT = YES;
			};
			name = Release;
		};
		E46C6D88267125D700072FD3 /* Debug */ = {
			isa = XCBuildConfiguration;
			buildSettings = {
				ASSETCATALOG_COMPILER_APPICON_NAME = AppIcon;
				ASSETCATALOG_COMPILER_GLOBAL_ACCENT_COLOR_NAME = AccentColor;
				CODE_SIGN_STYLE = Automatic;
				DEVELOPMENT_TEAM = 678R2482N2;
				INFOPLIST_FILE = CurrencyAPI/Info.plist;
				LD_RUNPATH_SEARCH_PATHS = (
					"$(inherited)",
					"@executable_path/Frameworks",
				);
				PRODUCT_BUNDLE_IDENTIFIER = com.bariscanakkaya.CurrencyAPI;
				PRODUCT_NAME = "$(TARGET_NAME)";
				SWIFT_VERSION = 5.0;
				TARGETED_DEVICE_FAMILY = "1,2";
			};
			name = Debug;
		};
		E46C6D89267125D700072FD3 /* Release */ = {
			isa = XCBuildConfiguration;
			buildSettings = {
				ASSETCATALOG_COMPILER_APPICON_NAME = AppIcon;
				ASSETCATALOG_COMPILER_GLOBAL_ACCENT_COLOR_NAME = AccentColor;
				CODE_SIGN_STYLE = Automatic;
				DEVELOPMENT_TEAM = 678R2482N2;
				INFOPLIST_FILE = CurrencyAPI/Info.plist;
				LD_RUNPATH_SEARCH_PATHS = (
					"$(inherited)",
					"@executable_path/Frameworks",
				);
				PRODUCT_BUNDLE_IDENTIFIER = com.bariscanakkaya.CurrencyAPI;
				PRODUCT_NAME = "$(TARGET_NAME)";
				SWIFT_VERSION = 5.0;
				TARGETED_DEVICE_FAMILY = "1,2";
			};
			name = Release;
		};
/* End XCBuildConfiguration section */

/* Begin XCConfigurationList section */
		E46C6D6E267125D400072FD3 /* Build configuration list for PBXProject "CurrencyAPI" */ = {
			isa = XCConfigurationList;
			buildConfigurations = (
				E46C6D85267125D700072FD3 /* Debug */,
				E46C6D86267125D700072FD3 /* Release */,
			);
			defaultConfigurationIsVisible = 0;
			defaultConfigurationName = Release;
		};
		E46C6D87267125D700072FD3 /* Build configuration list for PBXNativeTarget "CurrencyAPI" */ = {
			isa = XCConfigurationList;
			buildConfigurations = (
				E46C6D88267125D700072FD3 /* Debug */,
				E46C6D89267125D700072FD3 /* Release */,
			);
			defaultConfigurationIsVisible = 0;
			defaultConfigurationName = Release;
		};
/* End XCConfigurationList section */
	};
	rootObject = E46C6D6B267125D400072FD3 /* Project object */;
}
